
Microsoft Visual Studio Solution File, Format Version 12.00
# Visual Studio 14
VisualStudioVersion = 14.0.25420.1
MinimumVisualStudioVersion = 10.0.40219.1
Project("{FAE04EC0-301F-11D3-BF4B-00C04F79EFBC}") = "SevenZip", "SevenZip\SevenZip.csproj", "{136E38B8-E968-4693-8FC1-659DD95E8025}"
EndProject
Global
	GlobalSection(SolutionConfigurationPlatforms) = preSolution
		Debug|Any CPU = Debug|Any CPU
		Release|Any CPU = Release|Any CPU
	EndGlobalSection
	GlobalSection(ProjectConfigurationPlatforms) = postSolution
		{136E38B8-E968-4693-8FC1-659DD95E8025}.Debug|Any CPU.ActiveCfg = Debug|Any CPU
		{136E38B8-E968-4693-8FC1-659DD95E8025}.Debug|Any CPU.Build.0 = Debug|Any CPU
		{136E38B8-E968-4693-8FC1-659DD95E8025}.Release|Any CPU.ActiveCfg = Release|Any CPU
		{136E38B8-E968-4693-8FC1-659DD95E8025}.Release|Any CPU.Build.0 = Release|Any CPU
	EndGlobalSection
	GlobalSection(SolutionProperties) = preSolution
		HideSolutionNode = FALSE
	EndGlobalSection
EndGlobal
